// !$*UTF8*$!
{
	archiveVersion = 1;
	classes = {
	};
	objectVersion = 52;
	objects = {

/* Begin PBXBuildFile section */
		7620306D25BD4ACF00838524 /* AppDelegate.swift in Sources */ = {isa = PBXBuildFile; fileRef = 7620306C25BD4ACF00838524 /* AppDelegate.swift */; };
		7620306F25BD4AD000838524 /* SceneDelegate.swift in Sources */ = {isa = PBXBuildFile; fileRef = 7620306E25BD4AD000838524 /* SceneDelegate.swift */; };
		7620307125BD4AD000838524 /* ViewController.swift in Sources */ = {isa = PBXBuildFile; fileRef = 7620307025BD4AD000838524 /* ViewController.swift */; };
		7620307425BD4AD000838524 /* Main.storyboard in Resources */ = {isa = PBXBuildFile; fileRef = 7620307225BD4AD000838524 /* Main.storyboard */; };
		7620307625BD4AD200838524 /* Assets.xcassets in Resources */ = {isa = PBXBuildFile; fileRef = 7620307525BD4AD200838524 /* Assets.xcassets */; };
		7620307925BD4AD200838524 /* LaunchScreen.storyboard in Resources */ = {isa = PBXBuildFile; fileRef = 7620307725BD4AD200838524 /* LaunchScreen.storyboard */; };
		7620308325BD4D3900838524 /* Realm in Frameworks */ = {isa = PBXBuildFile; productRef = 7620308225BD4D3900838524 /* Realm */; };
		7620308525BD4D3900838524 /* RealmSwift in Frameworks */ = {isa = PBXBuildFile; productRef = 7620308425BD4D3900838524 /* RealmSwift */; };
		7620308925BD4E4200838524 /* SDWebImage in Frameworks */ = {isa = PBXBuildFile; productRef = 7620308825BD4E4200838524 /* SDWebImage */; };
/* End PBXBuildFile section */

/* Begin PBXFileReference section */
		7620306925BD4ACF00838524 /* EventGuide.app */ = {isa = PBXFileReference; explicitFileType = wrapper.application; includeInIndex = 0; path = EventGuide.app; sourceTree = BUILT_PRODUCTS_DIR; };
		7620306C25BD4ACF00838524 /* AppDelegate.swift */ = {isa = PBXFileReference; lastKnownFileType = sourcecode.swift; path = AppDelegate.swift; sourceTree = "<group>"; };
		7620306E25BD4AD000838524 /* SceneDelegate.swift */ = {isa = PBXFileReference; lastKnownFileType = sourcecode.swift; path = SceneDelegate.swift; sourceTree = "<group>"; };
		7620307025BD4AD000838524 /* ViewController.swift */ = {isa = PBXFileReference; lastKnownFileType = sourcecode.swift; path = ViewController.swift; sourceTree = "<group>"; };
		7620307325BD4AD000838524 /* Base */ = {isa = PBXFileReference; lastKnownFileType = file.storyboard; name = Base; path = Base.lproj/Main.storyboard; sourceTree = "<group>"; };
		7620307525BD4AD200838524 /* Assets.xcassets */ = {isa = PBXFileReference; lastKnownFileType = folder.assetcatalog; path = Assets.xcassets; sourceTree = "<group>"; };
		7620307825BD4AD200838524 /* Base */ = {isa = PBXFileReference; lastKnownFileType = file.storyboard; name = Base; path = Base.lproj/LaunchScreen.storyboard; sourceTree = "<group>"; };
		7620307A25BD4AD200838524 /* Info.plist */ = {isa = PBXFileReference; lastKnownFileType = text.plist.xml; path = Info.plist; sourceTree = "<group>"; };
/* End PBXFileReference section */

/* Begin PBXFrameworksBuildPhase section */
		7620306625BD4ACF00838524 /* Frameworks */ = {
			isa = PBXFrameworksBuildPhase;
			buildActionMask = 2147483647;
			files = (
				7620308925BD4E4200838524 /* SDWebImage in Frameworks */,
				7620308525BD4D3900838524 /* RealmSwift in Frameworks */,
				7620308325BD4D3900838524 /* Realm in Frameworks */,
			);
			runOnlyForDeploymentPostprocessing = 0;
		};
/* End PBXFrameworksBuildPhase section */

/* Begin PBXGroup section */
		7620306025BD4ACF00838524 = {
			isa = PBXGroup;
			children = (
				7620306B25BD4ACF00838524 /* EventGuide */,
				7620306A25BD4ACF00838524 /* Products */,
			);
			sourceTree = "<group>";
		};
		7620306A25BD4ACF00838524 /* Products */ = {
			isa = PBXGroup;
			children = (
				7620306925BD4ACF00838524 /* EventGuide.app */,
			);
			name = Products;
			sourceTree = "<group>";
		};
		7620306B25BD4ACF00838524 /* EventGuide */ = {
			isa = PBXGroup;
			children = (
				7620306C25BD4ACF00838524 /* AppDelegate.swift */,
				7620306E25BD4AD000838524 /* SceneDelegate.swift */,
				7620307025BD4AD000838524 /* ViewController.swift */,
				7620307225BD4AD000838524 /* Main.storyboard */,
				7620307525BD4AD200838524 /* Assets.xcassets */,
				7620307725BD4AD200838524 /* LaunchScreen.storyboard */,
				7620307A25BD4AD200838524 /* Info.plist */,
			);
			path = EventGuide;
			sourceTree = "<group>";
		};
/* End PBXGroup section */

/* Begin PBXNativeTarget section */
		7620306825BD4ACF00838524 /* EventGuide */ = {
			isa = PBXNativeTarget;
			buildConfigurationList = 7620307D25BD4AD200838524 /* Build configuration list for PBXNativeTarget "EventGuide" */;
			buildPhases = (
				7620306525BD4ACF00838524 /* Sources */,
				7620306625BD4ACF00838524 /* Frameworks */,
				7620306725BD4ACF00838524 /* Resources */,
			);
			buildRules = (
			);
			dependencies = (
			);
			name = EventGuide;
			packageProductDependencies = (
				7620308225BD4D3900838524 /* Realm */,
				7620308425BD4D3900838524 /* RealmSwift */,
				7620308825BD4E4200838524 /* SDWebImage */,
			);
			productName = EventGuide;
			productReference = 7620306925BD4ACF00838524 /* EventGuide.app */;
			productType = "com.apple.product-type.application";
		};
/* End PBXNativeTarget section */

/* Begin PBXProject section */
		7620306125BD4ACF00838524 /* Project object */ = {
			isa = PBXProject;
			attributes = {
				LastSwiftUpdateCheck = 1220;
				LastUpgradeCheck = 1220;
				TargetAttributes = {
					7620306825BD4ACF00838524 = {
						CreatedOnToolsVersion = 12.2;
					};
				};
			};
			buildConfigurationList = 7620306425BD4ACF00838524 /* Build configuration list for PBXProject "EventGuide" */;
			compatibilityVersion = "Xcode 9.3";
			developmentRegion = en;
			hasScannedForEncodings = 0;
			knownRegions = (
				en,
				Base,
			);
			mainGroup = 7620306025BD4ACF00838524;
			packageReferences = (
				7620308125BD4D3900838524 /* XCRemoteSwiftPackageReference "realm-cocoa" */,
				7620308725BD4E4200838524 /* XCRemoteSwiftPackageReference "SDWebImage" */,
			);
			productRefGroup = 7620306A25BD4ACF00838524 /* Products */;
			projectDirPath = "";
			projectRoot = "";
			targets = (
				7620306825BD4ACF00838524 /* EventGuide */,
			);
		};
/* End PBXProject section */

/* Begin PBXResourcesBuildPhase section */
		7620306725BD4ACF00838524 /* Resources */ = {
			isa = PBXResourcesBuildPhase;
			buildActionMask = 2147483647;
			files = (
				7620307925BD4AD200838524 /* LaunchScreen.storyboard in Resources */,
				7620307625BD4AD200838524 /* Assets.xcassets in Resources */,
				7620307425BD4AD000838524 /* Main.storyboard in Resources */,
			);
			runOnlyForDeploymentPostprocessing = 0;
		};
/* End PBXResourcesBuildPhase section */

/* Begin PBXSourcesBuildPhase section */
		7620306525BD4ACF00838524 /* Sources */ = {
			isa = PBXSourcesBuildPhase;
			buildActionMask = 2147483647;
			files = (
				7620307125BD4AD000838524 /* ViewController.swift in Sources */,
				7620306D25BD4ACF00838524 /* AppDelegate.swift in Sources */,
				7620306F25BD4AD000838524 /* SceneDelegate.swift in Sources */,
			);
			runOnlyForDeploymentPostprocessing = 0;
		};
/* End PBXSourcesBuildPhase section */

/* Begin PBXVariantGroup section */
		7620307225BD4AD000838524 /* Main.storyboard */ = {
			isa = PBXVariantGroup;
			children = (
				7620307325BD4AD000838524 /* Base */,
			);
			name = Main.storyboard;
			sourceTree = "<group>";
		};
		7620307725BD4AD200838524 /* LaunchScreen.storyboard */ = {
			isa = PBXVariantGroup;
			children = (
				7620307825BD4AD200838524 /* Base */,
			);
			name = LaunchScreen.storyboard;
			sourceTree = "<group>";
		};
/* End PBXVariantGroup section */

/* Begin XCBuildConfiguration section */
		7620307B25BD4AD200838524 /* Debug */ = {
			isa = XCBuildConfiguration;
			buildSettings = {
				ALWAYS_SEARCH_USER_PATHS = NO;
				CLANG_ANALYZER_NONNULL = YES;
				CLANG_ANALYZER_NUMBER_OBJECT_CONVERSION = YES_AGGRESSIVE;
				CLANG_CXX_LANGUAGE_STANDARD = "gnu++14";
				CLANG_CXX_LIBRARY = "libc++";
				CLANG_ENABLE_MODULES = YES;
				CLANG_ENABLE_OBJC_ARC = YES;
				CLANG_ENABLE_OBJC_WEAK = YES;
				CLANG_WARN_BLOCK_CAPTURE_AUTORELEASING = YES;
				CLANG_WARN_BOOL_CONVERSION = YES;
				CLANG_WARN_COMMA = YES;
				CLANG_WARN_CONSTANT_CONVERSION = YES;
				CLANG_WARN_DEPRECATED_OBJC_IMPLEMENTATIONS = YES;
				CLANG_WARN_DIRECT_OBJC_ISA_USAGE = YES_ERROR;
				CLANG_WARN_DOCUMENTATION_COMMENTS = YES;
				CLANG_WARN_EMPTY_BODY = YES;
				CLANG_WARN_ENUM_CONVERSION = YES;
				CLANG_WARN_INFINITE_RECURSION = YES;
				CLANG_WARN_INT_CONVERSION = YES;
				CLANG_WARN_NON_LITERAL_NULL_CONVERSION = YES;
				CLANG_WARN_OBJC_IMPLICIT_RETAIN_SELF = YES;
				CLANG_WARN_OBJC_LITERAL_CONVERSION = YES;
				CLANG_WARN_OBJC_ROOT_CLASS = YES_ERROR;
				CLANG_WARN_QUOTED_INCLUDE_IN_FRAMEWORK_HEADER = YES;
				CLANG_WARN_RANGE_LOOP_ANALYSIS = YES;
				CLANG_WARN_STRICT_PROTOTYPES = YES;
				CLANG_WARN_SUSPICIOUS_MOVE = YES;
				CLANG_WARN_UNGUARDED_AVAILABILITY = YES_AGGRESSIVE;
				CLANG_WARN_UNREACHABLE_CODE = YES;
				CLANG_WARN__DUPLICATE_METHOD_MATCH = YES;
				COPY_PHASE_STRIP = NO;
				DEBUG_INFORMATION_FORMAT = dwarf;
				ENABLE_STRICT_OBJC_MSGSEND = YES;
				ENABLE_TESTABILITY = YES;
				GCC_C_LANGUAGE_STANDARD = gnu11;
				GCC_DYNAMIC_NO_PIC = NO;
				GCC_NO_COMMON_BLOCKS = YES;
				GCC_OPTIMIZATION_LEVEL = 0;
				GCC_PREPROCESSOR_DEFINITIONS = (
					"DEBUG=1",
					"$(inherited)",
				);
				GCC_WARN_64_TO_32_BIT_CONVERSION = YES;
				GCC_WARN_ABOUT_RETURN_TYPE = YES_ERROR;
				GCC_WARN_UNDECLARED_SELECTOR = YES;
				GCC_WARN_UNINITIALIZED_AUTOS = YES_AGGRESSIVE;
				GCC_WARN_UNUSED_FUNCTION = YES;
				GCC_WARN_UNUSED_VARIABLE = YES;
				IPHONEOS_DEPLOYMENT_TARGET = 14.2;
				MTL_ENABLE_DEBUG_INFO = INCLUDE_SOURCE;
				MTL_FAST_MATH = YES;
				ONLY_ACTIVE_ARCH = YES;
				SDKROOT = iphoneos;
				SWIFT_ACTIVE_COMPILATION_CONDITIONS = DEBUG;
				SWIFT_OPTIMIZATION_LEVEL = "-Onone";
			};
			name = Debug;
		};
		7620307C25BD4AD200838524 /* Release */ = {
			isa = XCBuildConfiguration;
			buildSettings = {
				ALWAYS_SEARCH_USER_PATHS = NO;
				CLANG_ANALYZER_NONNULL = YES;
				CLANG_ANALYZER_NUMBER_OBJECT_CONVERSION = YES_AGGRESSIVE;
				CLANG_CXX_LANGUAGE_STANDARD = "gnu++14";
				CLANG_CXX_LIBRARY = "libc++";
				CLANG_ENABLE_MODULES = YES;
				CLANG_ENABLE_OBJC_ARC = YES;
				CLANG_ENABLE_OBJC_WEAK = YES;
				CLANG_WARN_BLOCK_CAPTURE_AUTORELEASING = YES;
				CLANG_WARN_BOOL_CONVERSION = YES;
				CLANG_WARN_COMMA = YES;
				CLANG_WARN_CONSTANT_CONVERSION = YES;
				CLANG_WARN_DEPRECATED_OBJC_IMPLEMENTATIONS = YES;
				CLANG_WARN_DIRECT_OBJC_ISA_USAGE = YES_ERROR;
				CLANG_WARN_DOCUMENTATION_COMMENTS = YES;
				CLANG_WARN_EMPTY_BODY = YES;
				CLANG_WARN_ENUM_CONVERSION = YES;
				CLANG_WARN_INFINITE_RECURSION = YES;
				CLANG_WARN_INT_CONVERSION = YES;
				CLANG_WARN_NON_LITERAL_NULL_CONVERSION = YES;
				CLANG_WARN_OBJC_IMPLICIT_RETAIN_SELF = YES;
				CLANG_WARN_OBJC_LITERAL_CONVERSION = YES;
				CLANG_WARN_OBJC_ROOT_CLASS = YES_ERROR;
				CLANG_WARN_QUOTED_INCLUDE_IN_FRAMEWORK_HEADER = YES;
				CLANG_WARN_RANGE_LOOP_ANALYSIS = YES;
				CLANG_WARN_STRICT_PROTOTYPES = YES;
				CLANG_WARN_SUSPICIOUS_MOVE = YES;
				CLANG_WARN_UNGUARDED_AVAILABILITY = YES_AGGRESSIVE;
				CLANG_WARN_UNREACHABLE_CODE = YES;
				CLANG_WARN__DUPLICATE_METHOD_MATCH = YES;
				COPY_PHASE_STRIP = NO;
				DEBUG_INFORMATION_FORMAT = "dwarf-with-dsym";
				ENABLE_NS_ASSERTIONS = NO;
				ENABLE_STRICT_OBJC_MSGSEND = YES;
				GCC_C_LANGUAGE_STANDARD = gnu11;
				GCC_NO_COMMON_BLOCKS = YES;
				GCC_WARN_64_TO_32_BIT_CONVERSION = YES;
				GCC_WARN_ABOUT_RETURN_TYPE = YES_ERROR;
				GCC_WARN_UNDECLARED_SELECTOR = YES;
				GCC_WARN_UNINITIALIZED_AUTOS = YES_AGGRESSIVE;
				GCC_WARN_UNUSED_FUNCTION = YES;
				GCC_WARN_UNUSED_VARIABLE = YES;
				IPHONEOS_DEPLOYMENT_TARGET = 14.2;
				MTL_ENABLE_DEBUG_INFO = NO;
				MTL_FAST_MATH = YES;
				SDKROOT = iphoneos;
				SWIFT_COMPILATION_MODE = wholemodule;
				SWIFT_OPTIMIZATION_LEVEL = "-O";
				VALIDATE_PRODUCT = YES;
			};
			name = Release;
		};
		7620307E25BD4AD200838524 /* Debug */ = {
			isa = XCBuildConfiguration;
			buildSettings = {
				ASSETCATALOG_COMPILER_APPICON_NAME = AppIcon;
				ASSETCATALOG_COMPILER_GLOBAL_ACCENT_COLOR_NAME = AccentColor;
				CODE_SIGN_STYLE = Automatic;
				DEVELOPMENT_TEAM = 59XJFY72WQ;
				INFOPLIST_FILE = EventGuide/Info.plist;
				LD_RUNPATH_SEARCH_PATHS = (
					"$(inherited)",
					"@executable_path/Frameworks",
				);
				PRODUCT_BUNDLE_IDENTIFIER = com.deshpande.EventGuide;
				PRODUCT_NAME = "$(TARGET_NAME)";
				SWIFT_VERSION = 5.0;
				TARGETED_DEVICE_FAMILY = "1,2";
			};
			name = Debug;
		};
		7620307F25BD4AD200838524 /* Release */ = {
			isa = XCBuildConfiguration;
			buildSettings = {
				ASSETCATALOG_COMPILER_APPICON_NAME = AppIcon;
				ASSETCATALOG_COMPILER_GLOBAL_ACCENT_COLOR_NAME = AccentColor;
				CODE_SIGN_STYLE = Automatic;
				DEVELOPMENT_TEAM = 59XJFY72WQ;
				INFOPLIST_FILE = EventGuide/Info.plist;
				LD_RUNPATH_SEARCH_PATHS = (
					"$(inherited)",
					"@executable_path/Frameworks",
				);
				PRODUCT_BUNDLE_IDENTIFIER = com.deshpande.EventGuide;
				PRODUCT_NAME = "$(TARGET_NAME)";
				SWIFT_VERSION = 5.0;
				TARGETED_DEVICE_FAMILY = "1,2";
			};
			name = Release;
		};
/* End XCBuildConfiguration section */

/* Begin XCConfigurationList section */
		7620306425BD4ACF00838524 /* Build configuration list for PBXProject "EventGuide" */ = {
			isa = XCConfigurationList;
			buildConfigurations = (
				7620307B25BD4AD200838524 /* Debug */,
				7620307C25BD4AD200838524 /* Release */,
			);
			defaultConfigurationIsVisible = 0;
			defaultConfigurationName = Release;
		};
		7620307D25BD4AD200838524 /* Build configuration list for PBXNativeTarget "EventGuide" */ = {
			isa = XCConfigurationList;
			buildConfigurations = (
				7620307E25BD4AD200838524 /* Debug */,
				7620307F25BD4AD200838524 /* Release */,
			);
			defaultConfigurationIsVisible = 0;
			defaultConfigurationName = Release;
		};
/* End XCConfigurationList section */

/* Begin XCRemoteSwiftPackageReference section */
		7620308125BD4D3900838524 /* XCRemoteSwiftPackageReference "realm-cocoa" */ = {
			isa = XCRemoteSwiftPackageReference;
			repositoryURL = "https://github.com/realm/realm-cocoa.git";
			requirement = {
				kind = upToNextMajorVersion;
				minimumVersion = 10.5.1;
			};
		};
		7620308725BD4E4200838524 /* XCRemoteSwiftPackageReference "SDWebImage" */ = {
			isa = XCRemoteSwiftPackageReference;
			repositoryURL = "https://github.com/SDWebImage/SDWebImage.git";
			requirement = {
				kind = upToNextMajorVersion;
				minimumVersion = 5.10.2;
			};
		};
/* End XCRemoteSwiftPackageReference section */

/* Begin XCSwiftPackageProductDependency section */
		7620308225BD4D3900838524 /* Realm */ = {
			isa = XCSwiftPackageProductDependency;
			package = 7620308125BD4D3900838524 /* XCRemoteSwiftPackageReference "realm-cocoa" */;
			productName = Realm;
		};
		7620308425BD4D3900838524 /* RealmSwift */ = {
			isa = XCSwiftPackageProductDependency;
			package = 7620308125BD4D3900838524 /* XCRemoteSwiftPackageReference "realm-cocoa" */;
			productName = RealmSwift;
		};
		7620308825BD4E4200838524 /* SDWebImage */ = {
			isa = XCSwiftPackageProductDependency;
			package = 7620308725BD4E4200838524 /* XCRemoteSwiftPackageReference "SDWebImage" */;
			productName = SDWebImage;
		};
/* End XCSwiftPackageProductDependency section */
	};
	rootObject = 7620306125BD4ACF00838524 /* Project object */;
}
